
Microsoft Visual Studio Solution File, Format Version 12.00
# Visual Studio Version 17
VisualStudioVersion = 17.6.33723.286
MinimumVisualStudioVersion = 10.0.40219.1
Project("{FAE04EC0-301F-11D3-BF4B-00C04F79EFBC}") = "RazorPagesMovie", "RazorPagesMovie\RazorPagesMovie.csproj", "{541C455A-356F-4701-ABA4-9869280490CE}"
EndProject
Global
	GlobalSection(SolutionConfigurationPlatforms) = preSolution
		Debug|Any CPU = Debug|Any CPU
		Release|Any CPU = Release|Any CPU
	EndGlobalSection
	GlobalSection(ProjectConfigurationPlatforms) = postSolution
		{541C455A-356F-4701-ABA4-9869280490CE}.Debug|Any CPU.ActiveCfg = Debug|Any CPU
		{541C455A-356F-4701-ABA4-9869280490CE}.Debug|Any CPU.Build.0 = Debug|Any CPU
		{541C455A-356F-4701-ABA4-9869280490CE}.Release|Any CPU.ActiveCfg = Release|Any CPU
		{541C455A-356F-4701-ABA4-9869280490CE}.Release|Any CPU.Build.0 = Release|Any CPU
	EndGlobalSection
	GlobalSection(SolutionProperties) = preSolution
		HideSolutionNode = FALSE
	EndGlobalSection
	GlobalSection(ExtensibilityGlobals) = postSolution
		SolutionGuid = {850CE348-1B58-4DCC-AD28-67B70368376B}
	EndGlobalSection
EndGlobal
