
Microsoft Visual Studio Solution File, Format Version 12.00
# Visual Studio Version 17
VisualStudioVersion = 17.6.33723.286
MinimumVisualStudioVersion = 10.0.40219.1
Project("{FAE04EC0-301F-11D3-BF4B-00C04F79EFBC}") = "Assignment5-2104", "Assignment5-2104\Assignment5-2104.csproj", "{D797CEB6-3C64-4123-9342-E01ABB163A9B}"
EndProject
Global
	GlobalSection(SolutionConfigurationPlatforms) = preSolution
		Debug|Any CPU = Debug|Any CPU
		Release|Any CPU = Release|Any CPU
	EndGlobalSection
	GlobalSection(ProjectConfigurationPlatforms) = postSolution
		{D797CEB6-3C64-4123-9342-E01ABB163A9B}.Debug|Any CPU.ActiveCfg = Debug|Any CPU
		{D797CEB6-3C64-4123-9342-E01ABB163A9B}.Debug|Any CPU.Build.0 = Debug|Any CPU
		{D797CEB6-3C64-4123-9342-E01ABB163A9B}.Release|Any CPU.ActiveCfg = Release|Any CPU
		{D797CEB6-3C64-4123-9342-E01ABB163A9B}.Release|Any CPU.Build.0 = Release|Any CPU
	EndGlobalSection
	GlobalSection(SolutionProperties) = preSolution
		HideSolutionNode = FALSE
	EndGlobalSection
	GlobalSection(ExtensibilityGlobals) = postSolution
		SolutionGuid = {20225265-1670-462A-A765-A5DBB7827D46}
	EndGlobalSection
EndGlobal
